{
    "name": "@aklesky/ts-config",
    "version": "0.0.9",
    "lockfileVersion": 2,
    "requires": true,
    "packages": {
        "": {
            "name": "@aklesky/ts-config",
            "version": "0.0.9",
            "license": "ISC",
            "dependencies": {
                "@tsconfig/node18": "1.0.1",
                "@types/node": "18.11.9"
            }
        },
        "node_modules/@tsconfig/node18": {
            "version": "1.0.1",
            "resolved": "https://registry.npmjs.org/@tsconfig/node18/-/node18-1.0.1.tgz",
            "integrity": "sha512-sNFeK6X2ATlhlvzyH4kKYQlfHXE2f2/wxtB9ClvYXevWpmwkUT7VaSrjIN9E76Qebz8qP5JOJJ9jD3QoD/Z9TA=="
        }
    },
    "dependencies": {
        "@tsconfig/node18": {
            "version": "1.0.1",
            "resolved": "https://registry.npmjs.org/@tsconfig/node18/-/node18-1.0.1.tgz",
            "integrity": "sha512-sNFeK6X2ATlhlvzyH4kKYQlfHXE2f2/wxtB9ClvYXevWpmwkUT7VaSrjIN9E76Qebz8qP5JOJJ9jD3QoD/Z9TA=="
        },
        "@types/node": {
            "version": "18.11.9",
            "resolved": "https://registry.npmjs.org/@types/node/-/node-18.11.9.tgz",
            "integrity": "sha512-CRpX21/kGdzjOpFsZSkcrXMGIBWMGNIHXXBVFSH+ggkftxg+XYP20TESbh+zFvFj3EQOl5byk0HTRn1IL6hbqg=="
        }
    }
}
